# This file is automatically @generated by Cargo.
# It is not intended for manual editing.
[[package]]
name = "bytemuck"
version = "1.5.0"
source = "registry+https://github.com/rust-lang/crates.io-index"
checksum = "5a4bad0c5981acc24bc09e532f35160f952e35422603f0563cd7a73c2c2e65a0"

[[package]]
name = "bytemuck-test"
version = "0.1.0"
dependencies = [
 "bytemuck",
]
