# This file is automatically @generated by Cargo.
# It is not intended for manual editing.
[[package]]
name = "byte-unit"
version = "4.0.9"
source = "registry+https://github.com/rust-lang/crates.io-index"
checksum = "1c8758c32833faaae35b24a73d332e62d0528e89076ae841c63940e37008b153"
dependencies = [
 "utf8-width",
]

[[package]]
name = "byte-unit-test"
version = "0.1.0"
dependencies = [
 "byte-unit",
]

[[package]]
name = "utf8-width"
version = "0.1.4"
source = "registry+https://github.com/rust-lang/crates.io-index"
checksum = "9071ac216321a4470a69fb2b28cfc68dcd1a39acd877c8be8e014df6772d8efa"
