# This file is automatically @generated by Cargo.
# It is not intended for manual editing.
[[package]]
name = "runes"
version = "0.2.5"
source = "registry+https://github.com/rust-lang/crates.io-index"
checksum = "2f059f467ad227f463768b20d3af0261ff18094278e66ebb8fd6323f35696bac"

[[package]]
name = "runes-test2"
version = "0.1.0"
dependencies = [
 "runes",
]
