# This file is automatically @generated by Cargo.
# It is not intended for manual editing.
[[package]]
name = "scriptful"
version = "0.2.0"
source = "registry+https://github.com/rust-lang/crates.io-index"
checksum = "8697dc445ca10d429d63044e78d73ba9b9bb2f15ded086cec6c46d7aeda5cc43"
dependencies = [
 "smallvec",
]

[[package]]
name = "scriptful-test"
version = "0.1.0"
dependencies = [
 "scriptful",
]

[[package]]
name = "smallvec"
version = "1.6.1"
source = "registry+https://github.com/rust-lang/crates.io-index"
checksum = "fe0f37c9e8f3c5a4a66ad655a93c74daac4ad00c441533bf5c6e7990bb42604e"
