# This file is automatically @generated by Cargo.
# It is not intended for manual editing.
[[package]]
name = "safe-transmute"
version = "0.11.0"
source = "registry+https://github.com/rust-lang/crates.io-index"
checksum = "50b8b2cd387f744f69469aaed197954ba4c0ecdb31e02edf99b023e0df11178a"

[[package]]
name = "safe-transmute-test"
version = "0.1.0"
dependencies = [
 "safe-transmute",
]
